
Microsoft Visual Studio Solution File, Format Version 12.00
# Visual Studio Version 17
VisualStudioVersion = 17.0.32112.339
MinimumVisualStudioVersion = 10.0.40219.1
Project("{FAE04EC0-301F-11D3-BF4B-00C04F79EFBC}") = "Bebezor", "Bebezor\Bebezor.csproj", "{9072F261-0181-4100-82A3-80A891B91F7F}"
EndProject
Global
	GlobalSection(SolutionConfigurationPlatforms) = preSolution
		Debug|Any CPU = Debug|Any CPU
		Release|Any CPU = Release|Any CPU
	EndGlobalSection
	GlobalSection(ProjectConfigurationPlatforms) = postSolution
		{9072F261-0181-4100-82A3-80A891B91F7F}.Debug|Any CPU.ActiveCfg = Debug|Any CPU
		{9072F261-0181-4100-82A3-80A891B91F7F}.Debug|Any CPU.Build.0 = Debug|Any CPU
		{9072F261-0181-4100-82A3-80A891B91F7F}.Release|Any CPU.ActiveCfg = Release|Any CPU
		{9072F261-0181-4100-82A3-80A891B91F7F}.Release|Any CPU.Build.0 = Release|Any CPU
	EndGlobalSection
	GlobalSection(SolutionProperties) = preSolution
		HideSolutionNode = FALSE
	EndGlobalSection
	GlobalSection(ExtensibilityGlobals) = postSolution
		SolutionGuid = {3FF3F93F-EA41-41BE-B770-4ECBE2EFA4F6}
	EndGlobalSection
EndGlobal
